// !$*UTF8*$!
{
	archiveVersion = 1;
	classes = {
	};
	objectVersion = 50;
	objects = {

/* Begin PBXBuildFile section */
		A25097F021CC4334004C9836 /* AppDelegate.m in Sources */ = {isa = PBXBuildFile; fileRef = A25097EF21CC4334004C9836 /* AppDelegate.m */; };
		A25097F321CC4334004C9836 /* HomeViewController.m in Sources */ = {isa = PBXBuildFile; fileRef = A25097F221CC4334004C9836 /* HomeViewController.m */; };
		A25097F621CC4334004C9836 /* Main.storyboard in Resources */ = {isa = PBXBuildFile; fileRef = A25097F421CC4334004C9836 /* Main.storyboard */; };
		A25097F821CC4335004C9836 /* Assets.xcassets in Resources */ = {isa = PBXBuildFile; fileRef = A25097F721CC4335004C9836 /* Assets.xcassets */; };
		A25097FB21CC4335004C9836 /* LaunchScreen.storyboard in Resources */ = {isa = PBXBuildFile; fileRef = A25097F921CC4335004C9836 /* LaunchScreen.storyboard */; };
		A25097FE21CC4335004C9836 /* main.m in Sources */ = {isa = PBXBuildFile; fileRef = A25097FD21CC4335004C9836 /* main.m */; };
		A250980821CC4A58004C9836 /* PeopleDetailViewController.m in Sources */ = {isa = PBXBuildFile; fileRef = A250980721CC4A58004C9836 /* PeopleDetailViewController.m */; };
/* End PBXBuildFile section */

/* Begin PBXFileReference section */
		A25097EB21CC4334004C9836 /* JSONDataDemo.app */ = {isa = PBXFileReference; explicitFileType = wrapper.application; includeInIndex = 0; path = JSONDataDemo.app; sourceTree = BUILT_PRODUCTS_DIR; };
		A25097EE21CC4334004C9836 /* AppDelegate.h */ = {isa = PBXFileReference; lastKnownFileType = sourcecode.c.h; path = AppDelegate.h; sourceTree = "<group>"; };
		A25097EF21CC4334004C9836 /* AppDelegate.m */ = {isa = PBXFileReference; lastKnownFileType = sourcecode.c.objc; path = AppDelegate.m; sourceTree = "<group>"; };
		A25097F121CC4334004C9836 /* HomeViewController.h */ = {isa = PBXFileReference; lastKnownFileType = sourcecode.c.h; path = HomeViewController.h; sourceTree = "<group>"; };
		A25097F221CC4334004C9836 /* HomeViewController.m */ = {isa = PBXFileReference; lastKnownFileType = sourcecode.c.objc; path = HomeViewController.m; sourceTree = "<group>"; };
		A25097F521CC4334004C9836 /* Base */ = {isa = PBXFileReference; lastKnownFileType = file.storyboard; name = Base; path = Base.lproj/Main.storyboard; sourceTree = "<group>"; };
		A25097F721CC4335004C9836 /* Assets.xcassets */ = {isa = PBXFileReference; lastKnownFileType = folder.assetcatalog; path = Assets.xcassets; sourceTree = "<group>"; };
		A25097FA21CC4335004C9836 /* Base */ = {isa = PBXFileReference; lastKnownFileType = file.storyboard; name = Base; path = Base.lproj/LaunchScreen.storyboard; sourceTree = "<group>"; };
		A25097FC21CC4335004C9836 /* Info.plist */ = {isa = PBXFileReference; lastKnownFileType = text.plist.xml; path = Info.plist; sourceTree = "<group>"; };
		A25097FD21CC4335004C9836 /* main.m */ = {isa = PBXFileReference; lastKnownFileType = sourcecode.c.objc; path = main.m; sourceTree = "<group>"; };
		A250980621CC4A35004C9836 /* PeopleDetailViewController.h */ = {isa = PBXFileReference; lastKnownFileType = sourcecode.c.h; path = PeopleDetailViewController.h; sourceTree = "<group>"; };
		A250980721CC4A58004C9836 /* PeopleDetailViewController.m */ = {isa = PBXFileReference; lastKnownFileType = sourcecode.c.objc; path = PeopleDetailViewController.m; sourceTree = "<group>"; };
/* End PBXFileReference section */

/* Begin PBXFrameworksBuildPhase section */
		A25097E821CC4334004C9836 /* Frameworks */ = {
			isa = PBXFrameworksBuildPhase;
			buildActionMask = 2147483647;
			files = (
			);
			runOnlyForDeploymentPostprocessing = 0;
		};
/* End PBXFrameworksBuildPhase section */

/* Begin PBXGroup section */
		A25097E221CC4334004C9836 = {
			isa = PBXGroup;
			children = (
				A25097ED21CC4334004C9836 /* JSONDataDemo */,
				A25097EC21CC4334004C9836 /* Products */,
			);
			sourceTree = "<group>";
		};
		A25097EC21CC4334004C9836 /* Products */ = {
			isa = PBXGroup;
			children = (
				A25097EB21CC4334004C9836 /* JSONDataDemo.app */,
			);
			name = Products;
			sourceTree = "<group>";
		};
		A25097ED21CC4334004C9836 /* JSONDataDemo */ = {
			isa = PBXGroup;
			children = (
				A25097EE21CC4334004C9836 /* AppDelegate.h */,
				A25097EF21CC4334004C9836 /* AppDelegate.m */,
				A25097F121CC4334004C9836 /* HomeViewController.h */,
				A25097F221CC4334004C9836 /* HomeViewController.m */,
				A250980621CC4A35004C9836 /* PeopleDetailViewController.h */,
				A250980721CC4A58004C9836 /* PeopleDetailViewController.m */,
				A25097F421CC4334004C9836 /* Main.storyboard */,
				A25097F721CC4335004C9836 /* Assets.xcassets */,
				A25097F921CC4335004C9836 /* LaunchScreen.storyboard */,
				A25097FC21CC4335004C9836 /* Info.plist */,
				A25097FD21CC4335004C9836 /* main.m */,
			);
			path = JSONDataDemo;
			sourceTree = "<group>";
		};
/* End PBXGroup section */

/* Begin PBXNativeTarget section */
		A25097EA21CC4334004C9836 /* JSONDataDemo */ = {
			isa = PBXNativeTarget;
			buildConfigurationList = A250980121CC4335004C9836 /* Build configuration list for PBXNativeTarget "JSONDataDemo" */;
			buildPhases = (
				A25097E721CC4334004C9836 /* Sources */,
				A25097E821CC4334004C9836 /* Frameworks */,
				A25097E921CC4334004C9836 /* Resources */,
			);
			buildRules = (
			);
			dependencies = (
			);
			name = JSONDataDemo;
			productName = JSONDataDemo;
			productReference = A25097EB21CC4334004C9836 /* JSONDataDemo.app */;
			productType = "com.apple.product-type.application";
		};
/* End PBXNativeTarget section */

/* Begin PBXProject section */
		A25097E321CC4334004C9836 /* Project object */ = {
			isa = PBXProject;
			attributes = {
				LastUpgradeCheck = 1010;
				ORGANIZATIONNAME = "Jason Son";
				TargetAttributes = {
					A25097EA21CC4334004C9836 = {
						CreatedOnToolsVersion = 10.1;
					};
				};
			};
			buildConfigurationList = A25097E621CC4334004C9836 /* Build configuration list for PBXProject "JSONDataDemo" */;
			compatibilityVersion = "Xcode 9.3";
			developmentRegion = en;
			hasScannedForEncodings = 0;
			knownRegions = (
				en,
				Base,
			);
			mainGroup = A25097E221CC4334004C9836;
			productRefGroup = A25097EC21CC4334004C9836 /* Products */;
			projectDirPath = "";
			projectRoot = "";
			targets = (
				A25097EA21CC4334004C9836 /* JSONDataDemo */,
			);
		};
/* End PBXProject section */

/* Begin PBXResourcesBuildPhase section */
		A25097E921CC4334004C9836 /* Resources */ = {
			isa = PBXResourcesBuildPhase;
			buildActionMask = 2147483647;
			files = (
				A25097FB21CC4335004C9836 /* LaunchScreen.storyboard in Resources */,
				A25097F821CC4335004C9836 /* Assets.xcassets in Resources */,
				A25097F621CC4334004C9836 /* Main.storyboard in Resources */,
			);
			runOnlyForDeploymentPostprocessing = 0;
		};
/* End PBXResourcesBuildPhase section */

/* Begin PBXSourcesBuildPhase section */
		A25097E721CC4334004C9836 /* Sources */ = {
			isa = PBXSourcesBuildPhase;
			buildActionMask = 2147483647;
			files = (
				A25097F321CC4334004C9836 /* HomeViewController.m in Sources */,
				A25097FE21CC4335004C9836 /* main.m in Sources */,
				A250980821CC4A58004C9836 /* PeopleDetailViewController.m in Sources */,
				A25097F021CC4334004C9836 /* AppDelegate.m in Sources */,
			);
			runOnlyForDeploymentPostprocessing = 0;
		};
/* End PBXSourcesBuildPhase section */

/* Begin PBXVariantGroup section */
		A25097F421CC4334004C9836 /* Main.storyboard */ = {
			isa = PBXVariantGroup;
			children = (
				A25097F521CC4334004C9836 /* Base */,
			);
			name = Main.storyboard;
			sourceTree = "<group>";
		};
		A25097F921CC4335004C9836 /* LaunchScreen.storyboard */ = {
			isa = PBXVariantGroup;
			children = (
				A25097FA21CC4335004C9836 /* Base */,
			);
			name = LaunchScreen.storyboard;
			sourceTree = "<group>";
		};
/* End PBXVariantGroup section */

/* Begin XCBuildConfiguration section */
		A25097FF21CC4335004C9836 /* Debug */ = {
			isa = XCBuildConfiguration;
			buildSettings = {
				ALWAYS_SEARCH_USER_PATHS = NO;
				CLANG_ANALYZER_NONNULL = YES;
				CLANG_ANALYZER_NUMBER_OBJECT_CONVERSION = YES_AGGRESSIVE;
				CLANG_CXX_LANGUAGE_STANDARD = "gnu++14";
				CLANG_CXX_LIBRARY = "libc++";
				CLANG_ENABLE_MODULES = YES;
				CLANG_ENABLE_OBJC_ARC = YES;
				CLANG_ENABLE_OBJC_WEAK = YES;
				CLANG_WARN_BLOCK_CAPTURE_AUTORELEASING = YES;
				CLANG_WARN_BOOL_CONVERSION = YES;
				CLANG_WARN_COMMA = YES;
				CLANG_WARN_CONSTANT_CONVERSION = YES;
				CLANG_WARN_DEPRECATED_OBJC_IMPLEMENTATIONS = YES;
				CLANG_WARN_DIRECT_OBJC_ISA_USAGE = YES_ERROR;
				CLANG_WARN_DOCUMENTATION_COMMENTS = YES;
				CLANG_WARN_EMPTY_BODY = YES;
				CLANG_WARN_ENUM_CONVERSION = YES;
				CLANG_WARN_INFINITE_RECURSION = YES;
				CLANG_WARN_INT_CONVERSION = YES;
				CLANG_WARN_NON_LITERAL_NULL_CONVERSION = YES;
				CLANG_WARN_OBJC_IMPLICIT_RETAIN_SELF = YES;
				CLANG_WARN_OBJC_LITERAL_CONVERSION = YES;
				CLANG_WARN_OBJC_ROOT_CLASS = YES_ERROR;
				CLANG_WARN_RANGE_LOOP_ANALYSIS = YES;
				CLANG_WARN_STRICT_PROTOTYPES = YES;
				CLANG_WARN_SUSPICIOUS_MOVE = YES;
				CLANG_WARN_UNGUARDED_AVAILABILITY = YES_AGGRESSIVE;
				CLANG_WARN_UNREACHABLE_CODE = YES;
				CLANG_WARN__DUPLICATE_METHOD_MATCH = YES;
				CODE_SIGN_IDENTITY = "iPhone Developer";
				COPY_PHASE_STRIP = NO;
				DEBUG_INFORMATION_FORMAT = dwarf;
				ENABLE_STRICT_OBJC_MSGSEND = YES;
				ENABLE_TESTABILITY = YES;
				GCC_C_LANGUAGE_STANDARD = gnu11;
				GCC_DYNAMIC_NO_PIC = NO;
				GCC_NO_COMMON_BLOCKS = YES;
				GCC_OPTIMIZATION_LEVEL = 0;
				GCC_PREPROCESSOR_DEFINITIONS = (
					"DEBUG=1",
					"$(inherited)",
				);
				GCC_WARN_64_TO_32_BIT_CONVERSION = YES;
				GCC_WARN_ABOUT_RETURN_TYPE = YES_ERROR;
				GCC_WARN_UNDECLARED_SELECTOR = YES;
				GCC_WARN_UNINITIALIZED_AUTOS = YES_AGGRESSIVE;
				GCC_WARN_UNUSED_FUNCTION = YES;
				GCC_WARN_UNUSED_VARIABLE = YES;
				IPHONEOS_DEPLOYMENT_TARGET = 10.0;
				MTL_ENABLE_DEBUG_INFO = INCLUDE_SOURCE;
				MTL_FAST_MATH = YES;
				ONLY_ACTIVE_ARCH = YES;
				SDKROOT = iphoneos;
			};
			name = Debug;
		};
		A250980021CC4335004C9836 /* Release */ = {
			isa = XCBuildConfiguration;
			buildSettings = {
				ALWAYS_SEARCH_USER_PATHS = NO;
				CLANG_ANALYZER_NONNULL = YES;
				CLANG_ANALYZER_NUMBER_OBJECT_CONVERSION = YES_AGGRESSIVE;
				CLANG_CXX_LANGUAGE_STANDARD = "gnu++14";
				CLANG_CXX_LIBRARY = "libc++";
				CLANG_ENABLE_MODULES = YES;
				CLANG_ENABLE_OBJC_ARC = YES;
				CLANG_ENABLE_OBJC_WEAK = YES;
				CLANG_WARN_BLOCK_CAPTURE_AUTORELEASING = YES;
				CLANG_WARN_BOOL_CONVERSION = YES;
				CLANG_WARN_COMMA = YES;
				CLANG_WARN_CONSTANT_CONVERSION = YES;
				CLANG_WARN_DEPRECATED_OBJC_IMPLEMENTATIONS = YES;
				CLANG_WARN_DIRECT_OBJC_ISA_USAGE = YES_ERROR;
				CLANG_WARN_DOCUMENTATION_COMMENTS = YES;
				CLANG_WARN_EMPTY_BODY = YES;
				CLANG_WARN_ENUM_CONVERSION = YES;
				CLANG_WARN_INFINITE_RECURSION = YES;
				CLANG_WARN_INT_CONVERSION = YES;
				CLANG_WARN_NON_LITERAL_NULL_CONVERSION = YES;
				CLANG_WARN_OBJC_IMPLICIT_RETAIN_SELF = YES;
				CLANG_WARN_OBJC_LITERAL_CONVERSION = YES;
				CLANG_WARN_OBJC_ROOT_CLASS = YES_ERROR;
				CLANG_WARN_RANGE_LOOP_ANALYSIS = YES;
				CLANG_WARN_STRICT_PROTOTYPES = YES;
				CLANG_WARN_SUSPICIOUS_MOVE = YES;
				CLANG_WARN_UNGUARDED_AVAILABILITY = YES_AGGRESSIVE;
				CLANG_WARN_UNREACHABLE_CODE = YES;
				CLANG_WARN__DUPLICATE_METHOD_MATCH = YES;
				CODE_SIGN_IDENTITY = "iPhone Developer";
				COPY_PHASE_STRIP = NO;
				DEBUG_INFORMATION_FORMAT = "dwarf-with-dsym";
				ENABLE_NS_ASSERTIONS = NO;
				ENABLE_STRICT_OBJC_MSGSEND = YES;
				GCC_C_LANGUAGE_STANDARD = gnu11;
				GCC_NO_COMMON_BLOCKS = YES;
				GCC_WARN_64_TO_32_BIT_CONVERSION = YES;
				GCC_WARN_ABOUT_RETURN_TYPE = YES_ERROR;
				GCC_WARN_UNDECLARED_SELECTOR = YES;
				GCC_WARN_UNINITIALIZED_AUTOS = YES_AGGRESSIVE;
				GCC_WARN_UNUSED_FUNCTION = YES;
				GCC_WARN_UNUSED_VARIABLE = YES;
				IPHONEOS_DEPLOYMENT_TARGET = 10.0;
				MTL_ENABLE_DEBUG_INFO = NO;
				MTL_FAST_MATH = YES;
				SDKROOT = iphoneos;
				VALIDATE_PRODUCT = YES;
			};
			name = Release;
		};
		A250980221CC4335004C9836 /* Debug */ = {
			isa = XCBuildConfiguration;
			buildSettings = {
				ASSETCATALOG_COMPILER_APPICON_NAME = AppIcon;
				CODE_SIGN_STYLE = Automatic;
				DEVELOPMENT_TEAM = 5R6Y23THY4;
				INFOPLIST_FILE = JSONDataDemo/Info.plist;
				LD_RUNPATH_SEARCH_PATHS = (
					"$(inherited)",
					"@executable_path/Frameworks",
				);
				PRODUCT_BUNDLE_IDENTIFIER = com.jasonson.JSONDataDemo;
				PRODUCT_NAME = "$(TARGET_NAME)";
				TARGETED_DEVICE_FAMILY = "1,2";
			};
			name = Debug;
		};
		A250980321CC4335004C9836 /* Release */ = {
			isa = XCBuildConfiguration;
			buildSettings = {
				ASSETCATALOG_COMPILER_APPICON_NAME = AppIcon;
				CODE_SIGN_STYLE = Automatic;
				DEVELOPMENT_TEAM = 5R6Y23THY4;
				INFOPLIST_FILE = JSONDataDemo/Info.plist;
				LD_RUNPATH_SEARCH_PATHS = (
					"$(inherited)",
					"@executable_path/Frameworks",
				);
				PRODUCT_BUNDLE_IDENTIFIER = com.jasonson.JSONDataDemo;
				PRODUCT_NAME = "$(TARGET_NAME)";
				TARGETED_DEVICE_FAMILY = "1,2";
			};
			name = Release;
		};
/* End XCBuildConfiguration section */

/* Begin XCConfigurationList section */
		A25097E621CC4334004C9836 /* Build configuration list for PBXProject "JSONDataDemo" */ = {
			isa = XCConfigurationList;
			buildConfigurations = (
				A25097FF21CC4335004C9836 /* Debug */,
				A250980021CC4335004C9836 /* Release */,
			);
			defaultConfigurationIsVisible = 0;
			defaultConfigurationName = Release;
		};
		A250980121CC4335004C9836 /* Build configuration list for PBXNativeTarget "JSONDataDemo" */ = {
			isa = XCConfigurationList;
			buildConfigurations = (
				A250980221CC4335004C9836 /* Debug */,
				A250980321CC4335004C9836 /* Release */,
			);
			defaultConfigurationIsVisible = 0;
			defaultConfigurationName = Release;
		};
/* End XCConfigurationList section */
	};
	rootObject = A25097E321CC4334004C9836 /* Project object */;
}
